
Microsoft Visual Studio Solution File, Format Version 12.00
# Visual Studio 15
VisualStudioVersion = 15.0.26730.12
MinimumVisualStudioVersion = 10.0.40219.1
Project("{FAE04EC0-301F-11D3-BF4B-00C04F79EFBC}") = "ApplicationPlanCadre", "ApplicationPlanCadre\ApplicationPlanCadre.csproj", "{F16A327C-D609-4C2F-8644-F43BE8D6C3D3}"
EndProject
Project("{FAE04EC0-301F-11D3-BF4B-00C04F79EFBC}") = "ProgrammeCompetence", "..\..\..\..\Package  - Programmes et compétences\Code\Source\ProgrammeCompetence\ProgrammeCompetence.csproj", "{D5D96D1A-7738-478E-A97E-710CB658019A}"
EndProject
Global
	GlobalSection(SolutionConfigurationPlatforms) = preSolution
		Debug|Any CPU = Debug|Any CPU
		Release|Any CPU = Release|Any CPU
	EndGlobalSection
	GlobalSection(ProjectConfigurationPlatforms) = postSolution
		{F16A327C-D609-4C2F-8644-F43BE8D6C3D3}.Debug|Any CPU.ActiveCfg = Debug|Any CPU
		{F16A327C-D609-4C2F-8644-F43BE8D6C3D3}.Debug|Any CPU.Build.0 = Debug|Any CPU
		{F16A327C-D609-4C2F-8644-F43BE8D6C3D3}.Release|Any CPU.ActiveCfg = Release|Any CPU
		{F16A327C-D609-4C2F-8644-F43BE8D6C3D3}.Release|Any CPU.Build.0 = Release|Any CPU
		{D5D96D1A-7738-478E-A97E-710CB658019A}.Debug|Any CPU.ActiveCfg = Debug|Any CPU
		{D5D96D1A-7738-478E-A97E-710CB658019A}.Debug|Any CPU.Build.0 = Debug|Any CPU
		{D5D96D1A-7738-478E-A97E-710CB658019A}.Release|Any CPU.ActiveCfg = Release|Any CPU
		{D5D96D1A-7738-478E-A97E-710CB658019A}.Release|Any CPU.Build.0 = Release|Any CPU
	EndGlobalSection
	GlobalSection(SolutionProperties) = preSolution
		HideSolutionNode = FALSE
	EndGlobalSection
	GlobalSection(ExtensibilityGlobals) = postSolution
		SolutionGuid = {39510A84-9DF4-4B9D-B927-448B7195F7BD}
	EndGlobalSection
EndGlobal
